
Microsoft Visual Studio Solution File, Format Version 12.00
# Visual Studio Version 17
VisualStudioVersion = 17.1.32421.90
MinimumVisualStudioVersion = 10.0.40219.1
Project("{FAE04EC0-301F-11D3-BF4B-00C04F79EFBC}") = "Wordo.WPF", "Wordo.WPF\Wordo.WPF.csproj", "{C0F53104-E380-452A-9B94-AFF18EE28B0A}"
EndProject
Project("{FAE04EC0-301F-11D3-BF4B-00C04F79EFBC}") = "Wordo.ViewModels", "Wordo.ViewModels\Wordo.ViewModels.csproj", "{5812315A-C450-4C05-A4A7-375A45754B4B}"
EndProject
Project("{FAE04EC0-301F-11D3-BF4B-00C04F79EFBC}") = "Wordo.Models", "Wordo.Models\Wordo.Models.csproj", "{4FA89F95-FC66-4C5B-B173-5B54906ADBCF}"
EndProject
Project("{FAE04EC0-301F-11D3-BF4B-00C04F79EFBC}") = "Wordo.Services", "Wordo.Services\Wordo.Services.csproj", "{B399F823-8E82-4AD1-84B2-CEFB6EEFA8BA}"
EndProject
Project("{FAE04EC0-301F-11D3-BF4B-00C04F79EFBC}") = "Wordo.Core", "Wordo.Core\Wordo.Core.csproj", "{95A465FC-1820-4E0E-8D98-C2C71C1956E2}"
EndProject
Global
	GlobalSection(SolutionConfigurationPlatforms) = preSolution
		Debug|Any CPU = Debug|Any CPU
		Release|Any CPU = Release|Any CPU
	EndGlobalSection
	GlobalSection(ProjectConfigurationPlatforms) = postSolution
		{C0F53104-E380-452A-9B94-AFF18EE28B0A}.Debug|Any CPU.ActiveCfg = Debug|Any CPU
		{C0F53104-E380-452A-9B94-AFF18EE28B0A}.Debug|Any CPU.Build.0 = Debug|Any CPU
		{C0F53104-E380-452A-9B94-AFF18EE28B0A}.Release|Any CPU.ActiveCfg = Release|Any CPU
		{C0F53104-E380-452A-9B94-AFF18EE28B0A}.Release|Any CPU.Build.0 = Release|Any CPU
		{5812315A-C450-4C05-A4A7-375A45754B4B}.Debug|Any CPU.ActiveCfg = Debug|Any CPU
		{5812315A-C450-4C05-A4A7-375A45754B4B}.Debug|Any CPU.Build.0 = Debug|Any CPU
		{5812315A-C450-4C05-A4A7-375A45754B4B}.Release|Any CPU.ActiveCfg = Release|Any CPU
		{5812315A-C450-4C05-A4A7-375A45754B4B}.Release|Any CPU.Build.0 = Release|Any CPU
		{4FA89F95-FC66-4C5B-B173-5B54906ADBCF}.Debug|Any CPU.ActiveCfg = Debug|Any CPU
		{4FA89F95-FC66-4C5B-B173-5B54906ADBCF}.Debug|Any CPU.Build.0 = Debug|Any CPU
		{4FA89F95-FC66-4C5B-B173-5B54906ADBCF}.Release|Any CPU.ActiveCfg = Release|Any CPU
		{4FA89F95-FC66-4C5B-B173-5B54906ADBCF}.Release|Any CPU.Build.0 = Release|Any CPU
		{B399F823-8E82-4AD1-84B2-CEFB6EEFA8BA}.Debug|Any CPU.ActiveCfg = Debug|Any CPU
		{B399F823-8E82-4AD1-84B2-CEFB6EEFA8BA}.Debug|Any CPU.Build.0 = Debug|Any CPU
		{B399F823-8E82-4AD1-84B2-CEFB6EEFA8BA}.Release|Any CPU.ActiveCfg = Release|Any CPU
		{B399F823-8E82-4AD1-84B2-CEFB6EEFA8BA}.Release|Any CPU.Build.0 = Release|Any CPU
		{95A465FC-1820-4E0E-8D98-C2C71C1956E2}.Debug|Any CPU.ActiveCfg = Debug|Any CPU
		{95A465FC-1820-4E0E-8D98-C2C71C1956E2}.Debug|Any CPU.Build.0 = Debug|Any CPU
		{95A465FC-1820-4E0E-8D98-C2C71C1956E2}.Release|Any CPU.ActiveCfg = Release|Any CPU
		{95A465FC-1820-4E0E-8D98-C2C71C1956E2}.Release|Any CPU.Build.0 = Release|Any CPU
	EndGlobalSection
	GlobalSection(SolutionProperties) = preSolution
		HideSolutionNode = FALSE
	EndGlobalSection
	GlobalSection(ExtensibilityGlobals) = postSolution
		SolutionGuid = {195B6D6A-537B-4B26-AB11-17A33329D821}
	EndGlobalSection
EndGlobal
